{
  "name": "@unqork/angular-viewport-watch",
  "version": "0.1.4",
  "lockfileVersion": 2,
  "requires": true,
  "packages": {
    "": {
      "name": "@unqork/angular-viewport-watch",
      "version": "0.1.4",
      "license": "MIT",
      "dependencies": {
        "angular": "^1.2.0",
        "scrollMonitor": "git@github.com:stutrek/scrollMonitor.git#v1.0.12"
      },
      "devDependencies": {
        "angular-mocks": "^1.2.0",
        "es5-shim": "~4.0.5",
        "ng-stats": "~2.0.1"
      },
      "engines": {
        "node": ">=0.8.0"
      }
    },
    "node_modules/angular": {
      "version": "1.8.3",
      "resolved": "https://registry.npmjs.org/angular/-/angular-1.8.3.tgz",
      "integrity": "sha512-5qjkWIQQVsHj4Sb5TcEs4WZWpFeVFHXwxEBHUhrny41D8UrBAd6T/6nPPAsLngJCReIOqi95W3mxdveveutpZw==",
      "deprecated": "For the actively supported Angular, see https://www.npmjs.com/package/@angular/core. AngularJS support has officially ended. For extended AngularJS support options, see https://goo.gle/angularjs-path-forward."
    },
    "node_modules/angular-mocks": {
      "version": "1.8.3",
      "resolved": "https://registry.npmjs.org/angular-mocks/-/angular-mocks-1.8.3.tgz",
      "integrity": "sha512-vqsT6zwu80cZ8RY7qRQBZuy6Fq5X7/N5hkV9LzNT0c8b546rw4ErGK6muW1u2JnDKYa7+jJuaGM702bWir4HGw==",
      "dev": true
    },
    "node_modules/es5-shim": {
      "version": "4.0.6",
      "resolved": "https://registry.npmjs.org/es5-shim/-/es5-shim-4.0.6.tgz",
      "integrity": "sha1-RDvx8FA83qvOsB7ICoSvG48cqfc=",
      "dev": true,
      "engines": {
        "node": ">=0.4.0"
      }
    },
    "node_modules/ng-stats": {
      "version": "2.0.4",
      "resolved": "https://registry.npmjs.org/ng-stats/-/ng-stats-2.0.4.tgz",
      "integrity": "sha1-J6cW2ngPJQRIK3m3Mgmiy2xWH5I=",
      "dev": true
    },
    "node_modules/scrollMonitor": {
      "name": "scrollmonitor",
      "version": "1.0.12",
      "resolved": "git+ssh://git@github.com/stutrek/scrollMonitor.git#ca79f4eaf3f63a50d21a21b128792e580b8e36a3",
      "license": "MIT"
    }
  },
  "dependencies": {
    "angular": {
      "version": "1.8.3",
      "resolved": "https://registry.npmjs.org/angular/-/angular-1.8.3.tgz",
      "integrity": "sha512-5qjkWIQQVsHj4Sb5TcEs4WZWpFeVFHXwxEBHUhrny41D8UrBAd6T/6nPPAsLngJCReIOqi95W3mxdveveutpZw=="
    },
    "angular-mocks": {
      "version": "1.8.3",
      "resolved": "https://registry.npmjs.org/angular-mocks/-/angular-mocks-1.8.3.tgz",
      "integrity": "sha512-vqsT6zwu80cZ8RY7qRQBZuy6Fq5X7/N5hkV9LzNT0c8b546rw4ErGK6muW1u2JnDKYa7+jJuaGM702bWir4HGw==",
      "dev": true
    },
    "es5-shim": {
      "version": "4.0.6",
      "resolved": "https://registry.npmjs.org/es5-shim/-/es5-shim-4.0.6.tgz",
      "integrity": "sha1-RDvx8FA83qvOsB7ICoSvG48cqfc=",
      "dev": true
    },
    "ng-stats": {
      "version": "2.0.4",
      "resolved": "https://registry.npmjs.org/ng-stats/-/ng-stats-2.0.4.tgz",
      "integrity": "sha1-J6cW2ngPJQRIK3m3Mgmiy2xWH5I=",
      "dev": true
    },
    "scrollMonitor": {
      "version": "git+ssh://git@github.com/stutrek/scrollMonitor.git#ca79f4eaf3f63a50d21a21b128792e580b8e36a3",
      "from": "scrollMonitor@git@github.com:stutrek/scrollMonitor.git#v1.0.12"
    }
  }
}
